version = 1
revision = 3
requires-python = ">=3.14"

[[package]]
name = "math-analysis-vol2-solutions"
version = "0.1.0"
source = { virtual = "." }
dependencies = [
    { name = "pdfrw2" },
]

[package.metadata]
requires-dist = [{ name = "pdfrw2", specifier = ">=0.5.0" }]

[[package]]
name = "pdfrw2"
version = "0.5.0"
source = { registry = "https://pypi.org/simple" }
sdist = { url = "https://files.pythonhosted.org/packages/20/4a/9440938ff6e86f5aff09e3b76f6a77b77922e360fc5cf5232036c9461b42/pdfrw2-0.5.0.tar.gz", hash = "sha256:e6a9ccab83e769a7a8bfe2dbddf0f49dd7ebe52032e929574f01bbbfa21971ed", size = 96564, upload-time = "2021-11-30T23:04:07.575Z" }
wheels = [
    { url = "https://files.pythonhosted.org/packages/3d/18/373334ec15873c58c1d805d8c88bd7ece9e67c95e7c574f45d80a8bc9332/pdfrw2-0.5.0-py2.py3-none-any.whl", hash = "sha256:16aea0be23a19aa5fe5ae57ad3bbaac97b76c3a5b6eacd14cbfa54442c37a21b", size = 60635, upload-time = "2021-11-30T23:04:03.459Z" },
]
